<?xml version="1.0" encoding="UTF-8"?>
<Scheme LastUpgradeVersion="2700" version="1.3">
  <BuildAction parallelizeBuildables="YES" buildImplicitDependencies="YES"><BuildActionEntries><BuildActionEntry buildForTesting="YES" buildForRunning="YES" buildForProfiling="YES" buildForArchiving="YES" buildForAnalyzing="YES"><BuildableReference BuildableIdentifier="primary" BlueprintIdentifier="APP" BuildableName="Zeekr.app" BlueprintName="Zeekr" ReferencedContainer="container:Zeekr.xcodeproj"/></BuildActionEntry></BuildActionEntries></BuildAction>
  <TestAction buildConfiguration="Debug" shouldUseLaunchSchemeArgsEnv="YES"><Testables>
    <TestableReference skipped="NO"><BuildableReference BuildableIdentifier="primary" BlueprintIdentifier="UITESTS" BuildableName="ZeekrUITests.xctest" BlueprintName="ZeekrUITests" ReferencedContainer="container:Zeekr.xcodeproj"/></TestableReference>
    <TestableReference skipped="NO"><BuildableReference BuildableIdentifier="primary" BlueprintIdentifier="UNITTESTS" BuildableName="ZeekrTests.xctest" BlueprintName="ZeekrTests" ReferencedContainer="container:Zeekr.xcodeproj"/></TestableReference>
  </Testables></TestAction>
  <LaunchAction buildConfiguration="Debug" selectedDebuggerIdentifier="Xcode.DebuggerFoundation.Debugger.LLDB" selectedLauncherIdentifier="Xcode.IDEFoundation.Launcher.LLDB" launchStyle="0" useCustomWorkingDirectory="NO" ignoresPersistentStateOnLaunch="NO" debugDocumentVersioning="YES" allowLocationSimulation="YES"><BuildableProductRunnable runnableDebuggingMode="0"><BuildableReference BuildableIdentifier="primary" BlueprintIdentifier="APP" BuildableName="Zeekr.app" BlueprintName="Zeekr" ReferencedContainer="container:Zeekr.xcodeproj"/></BuildableProductRunnable></LaunchAction>
  <ProfileAction buildConfiguration="Release" shouldUseLaunchSchemeArgsEnv="YES" savedToolIdentifier="" useCustomWorkingDirectory="NO" debugDocumentVersioning="YES"/>
  <AnalyzeAction buildConfiguration="Debug"/>
  <ArchiveAction buildConfiguration="Release" revealArchiveInOrganizer="YES"/>
</Scheme>
